
Microsoft Visual Studio Solution File, Format Version 12.00
# Visual Studio 15
Project("{FAE04EC0-301F-11D3-BF4B-00C04F79EFBC}") = "PicoTeleport", "PicoTeleport.csproj", "{CC604200-C087-EC9F-350D-37CF4E2A4039}"
EndProject
Project("{FAE04EC0-301F-11D3-BF4B-00C04F79EFBC}") = "PicoTeleport.Editor", "PicoTeleport.Editor.csproj", "{F62E39E1-C655-238E-9EF7-D30EC5AD69CA}"
EndProject
Global
	GlobalSection(SolutionConfigurationPlatforms) = preSolution
		Debug|Any CPU = Debug|Any CPU
		Release|Any CPU = Release|Any CPU
	EndGlobalSection
	GlobalSection(ProjectConfigurationPlatforms) = postSolution
		{CC604200-C087-EC9F-350D-37CF4E2A4039}.Debug|Any CPU.ActiveCfg = Debug|Any CPU
		{CC604200-C087-EC9F-350D-37CF4E2A4039}.Debug|Any CPU.Build.0 = Debug|Any CPU
		{CC604200-C087-EC9F-350D-37CF4E2A4039}.Release|Any CPU.ActiveCfg = Release|Any CPU
		{CC604200-C087-EC9F-350D-37CF4E2A4039}.Release|Any CPU.Build.0 = Release|Any CPU
		{F62E39E1-C655-238E-9EF7-D30EC5AD69CA}.Debug|Any CPU.ActiveCfg = Debug|Any CPU
		{F62E39E1-C655-238E-9EF7-D30EC5AD69CA}.Debug|Any CPU.Build.0 = Debug|Any CPU
		{F62E39E1-C655-238E-9EF7-D30EC5AD69CA}.Release|Any CPU.ActiveCfg = Release|Any CPU
		{F62E39E1-C655-238E-9EF7-D30EC5AD69CA}.Release|Any CPU.Build.0 = Release|Any CPU
	EndGlobalSection
	GlobalSection(SolutionProperties) = preSolution
		HideSolutionNode = FALSE
	EndGlobalSection
EndGlobal
